
Microsoft Visual Studio Solution File, Format Version 12.00
# Visual Studio 2012
Project("{FAE04EC0-301F-11D3-BF4B-00C04F79EFBC}") = "NetForge", "GodotClient\NetForge.csproj", "{6F799B60-6F78-401C-9ADF-CB28AFBEF58A}"
EndProject
Project("{FAE04EC0-301F-11D3-BF4B-00C04F79EFBC}") = "NetForge.ClientCore", "NetForge.ClientCore\NetForge.ClientCore.csproj", "{2A2852C7-84E5-4D2D-82F8-2DB353B5886E}"
EndProject
Project("{FAE04EC0-301F-11D3-BF4B-00C04F79EFBC}") = "NetForge.ServerCore", "NetForge.ServerCore\NetForge.ServerCore.csproj", "{E1EA1D3F-CBA6-46EB-AADA-F1843AE1D5A9}"
EndProject
Project("{FAE04EC0-301F-11D3-BF4B-00C04F79EFBC}") = "NetForge.Shared", "NetForge.Shared\NetForge.Shared.csproj", "{731660BF-655B-44BA-9486-841EB72D48A8}"
EndProject
Project("{FAE04EC0-301F-11D3-BF4B-00C04F79EFBC}") = "NetForge.Standalone", "NetForge.Standalone\NetForge.Standalone.csproj", "{F10809D9-8F2B-4C8A-ADA4-FD6E06C4ADA0}"
EndProject
Global
	GlobalSection(SolutionConfigurationPlatforms) = preSolution
		Debug|Any CPU = Debug|Any CPU
		Debug|x64 = Debug|x64
		Debug|x86 = Debug|x86
		ExportDebug|Any CPU = ExportDebug|Any CPU
		ExportDebug|x64 = ExportDebug|x64
		ExportDebug|x86 = ExportDebug|x86
		ExportRelease|Any CPU = ExportRelease|Any CPU
		ExportRelease|x64 = ExportRelease|x64
		ExportRelease|x86 = ExportRelease|x86
		Release|Any CPU = Release|Any CPU
		Release|x64 = Release|x64
		Release|x86 = Release|x86
	EndGlobalSection
	GlobalSection(ProjectConfigurationPlatforms) = postSolution
		{6F799B60-6F78-401C-9ADF-CB28AFBEF58A}.Debug|Any CPU.ActiveCfg = Debug|Any CPU
		{6F799B60-6F78-401C-9ADF-CB28AFBEF58A}.Debug|Any CPU.Build.0 = Debug|Any CPU
		{6F799B60-6F78-401C-9ADF-CB28AFBEF58A}.Debug|x64.ActiveCfg = Debug|Any CPU
		{6F799B60-6F78-401C-9ADF-CB28AFBEF58A}.Debug|x64.Build.0 = Debug|Any CPU
		{6F799B60-6F78-401C-9ADF-CB28AFBEF58A}.Debug|x86.ActiveCfg = Debug|Any CPU
		{6F799B60-6F78-401C-9ADF-CB28AFBEF58A}.Debug|x86.Build.0 = Debug|Any CPU
		{6F799B60-6F78-401C-9ADF-CB28AFBEF58A}.ExportDebug|Any CPU.ActiveCfg = ExportDebug|Any CPU
		{6F799B60-6F78-401C-9ADF-CB28AFBEF58A}.ExportDebug|Any CPU.Build.0 = ExportDebug|Any CPU
		{6F799B60-6F78-401C-9ADF-CB28AFBEF58A}.ExportDebug|x64.ActiveCfg = ExportDebug|Any CPU
		{6F799B60-6F78-401C-9ADF-CB28AFBEF58A}.ExportDebug|x64.Build.0 = ExportDebug|Any CPU
		{6F799B60-6F78-401C-9ADF-CB28AFBEF58A}.ExportDebug|x86.ActiveCfg = ExportDebug|Any CPU
		{6F799B60-6F78-401C-9ADF-CB28AFBEF58A}.ExportDebug|x86.Build.0 = ExportDebug|Any CPU
		{6F799B60-6F78-401C-9ADF-CB28AFBEF58A}.ExportRelease|Any CPU.ActiveCfg = ExportRelease|Any CPU
		{6F799B60-6F78-401C-9ADF-CB28AFBEF58A}.ExportRelease|Any CPU.Build.0 = ExportRelease|Any CPU
		{6F799B60-6F78-401C-9ADF-CB28AFBEF58A}.ExportRelease|x64.ActiveCfg = ExportRelease|Any CPU
		{6F799B60-6F78-401C-9ADF-CB28AFBEF58A}.ExportRelease|x64.Build.0 = ExportRelease|Any CPU
		{6F799B60-6F78-401C-9ADF-CB28AFBEF58A}.ExportRelease|x86.ActiveCfg = ExportRelease|Any CPU
		{6F799B60-6F78-401C-9ADF-CB28AFBEF58A}.ExportRelease|x86.Build.0 = ExportRelease|Any CPU
		{6F799B60-6F78-401C-9ADF-CB28AFBEF58A}.Release|Any CPU.ActiveCfg = Release|Any CPU
		{6F799B60-6F78-401C-9ADF-CB28AFBEF58A}.Release|Any CPU.Build.0 = Release|Any CPU
		{6F799B60-6F78-401C-9ADF-CB28AFBEF58A}.Release|x64.ActiveCfg = Release|Any CPU
		{6F799B60-6F78-401C-9ADF-CB28AFBEF58A}.Release|x64.Build.0 = Release|Any CPU
		{6F799B60-6F78-401C-9ADF-CB28AFBEF58A}.Release|x86.ActiveCfg = Release|Any CPU
		{6F799B60-6F78-401C-9ADF-CB28AFBEF58A}.Release|x86.Build.0 = Release|Any CPU
		{2A2852C7-84E5-4D2D-82F8-2DB353B5886E}.Debug|Any CPU.ActiveCfg = Debug|Any CPU
		{2A2852C7-84E5-4D2D-82F8-2DB353B5886E}.Debug|Any CPU.Build.0 = Debug|Any CPU
		{2A2852C7-84E5-4D2D-82F8-2DB353B5886E}.Debug|x64.ActiveCfg = Debug|Any CPU
		{2A2852C7-84E5-4D2D-82F8-2DB353B5886E}.Debug|x64.Build.0 = Debug|Any CPU
		{2A2852C7-84E5-4D2D-82F8-2DB353B5886E}.Debug|x86.ActiveCfg = Debug|Any CPU
		{2A2852C7-84E5-4D2D-82F8-2DB353B5886E}.Debug|x86.Build.0 = Debug|Any CPU
		{2A2852C7-84E5-4D2D-82F8-2DB353B5886E}.ExportDebug|Any CPU.ActiveCfg = Debug|Any CPU
		{2A2852C7-84E5-4D2D-82F8-2DB353B5886E}.ExportDebug|Any CPU.Build.0 = Debug|Any CPU
		{2A2852C7-84E5-4D2D-82F8-2DB353B5886E}.ExportDebug|x64.ActiveCfg = Debug|Any CPU
		{2A2852C7-84E5-4D2D-82F8-2DB353B5886E}.ExportDebug|x64.Build.0 = Debug|Any CPU
		{2A2852C7-84E5-4D2D-82F8-2DB353B5886E}.ExportDebug|x86.ActiveCfg = Debug|Any CPU
		{2A2852C7-84E5-4D2D-82F8-2DB353B5886E}.ExportDebug|x86.Build.0 = Debug|Any CPU
		{2A2852C7-84E5-4D2D-82F8-2DB353B5886E}.ExportRelease|Any CPU.ActiveCfg = Debug|Any CPU
		{2A2852C7-84E5-4D2D-82F8-2DB353B5886E}.ExportRelease|Any CPU.Build.0 = Debug|Any CPU
		{2A2852C7-84E5-4D2D-82F8-2DB353B5886E}.ExportRelease|x64.ActiveCfg = Debug|Any CPU
		{2A2852C7-84E5-4D2D-82F8-2DB353B5886E}.ExportRelease|x64.Build.0 = Debug|Any CPU
		{2A2852C7-84E5-4D2D-82F8-2DB353B5886E}.ExportRelease|x86.ActiveCfg = Debug|Any CPU
		{2A2852C7-84E5-4D2D-82F8-2DB353B5886E}.ExportRelease|x86.Build.0 = Debug|Any CPU
		{2A2852C7-84E5-4D2D-82F8-2DB353B5886E}.Release|Any CPU.ActiveCfg = Release|Any CPU
		{2A2852C7-84E5-4D2D-82F8-2DB353B5886E}.Release|Any CPU.Build.0 = Release|Any CPU
		{2A2852C7-84E5-4D2D-82F8-2DB353B5886E}.Release|x64.ActiveCfg = Release|Any CPU
		{2A2852C7-84E5-4D2D-82F8-2DB353B5886E}.Release|x64.Build.0 = Release|Any CPU
		{2A2852C7-84E5-4D2D-82F8-2DB353B5886E}.Release|x86.ActiveCfg = Release|Any CPU
		{2A2852C7-84E5-4D2D-82F8-2DB353B5886E}.Release|x86.Build.0 = Release|Any CPU
		{E1EA1D3F-CBA6-46EB-AADA-F1843AE1D5A9}.Debug|Any CPU.ActiveCfg = Debug|Any CPU
		{E1EA1D3F-CBA6-46EB-AADA-F1843AE1D5A9}.Debug|Any CPU.Build.0 = Debug|Any CPU
		{E1EA1D3F-CBA6-46EB-AADA-F1843AE1D5A9}.Debug|x64.ActiveCfg = Debug|Any CPU
		{E1EA1D3F-CBA6-46EB-AADA-F1843AE1D5A9}.Debug|x64.Build.0 = Debug|Any CPU
		{E1EA1D3F-CBA6-46EB-AADA-F1843AE1D5A9}.Debug|x86.ActiveCfg = Debug|Any CPU
		{E1EA1D3F-CBA6-46EB-AADA-F1843AE1D5A9}.Debug|x86.Build.0 = Debug|Any CPU
		{E1EA1D3F-CBA6-46EB-AADA-F1843AE1D5A9}.ExportDebug|Any CPU.ActiveCfg = Debug|Any CPU
		{E1EA1D3F-CBA6-46EB-AADA-F1843AE1D5A9}.ExportDebug|Any CPU.Build.0 = Debug|Any CPU
		{E1EA1D3F-CBA6-46EB-AADA-F1843AE1D5A9}.ExportDebug|x64.ActiveCfg = Debug|Any CPU
		{E1EA1D3F-CBA6-46EB-AADA-F1843AE1D5A9}.ExportDebug|x64.Build.0 = Debug|Any CPU
		{E1EA1D3F-CBA6-46EB-AADA-F1843AE1D5A9}.ExportDebug|x86.ActiveCfg = Debug|Any CPU
		{E1EA1D3F-CBA6-46EB-AADA-F1843AE1D5A9}.ExportDebug|x86.Build.0 = Debug|Any CPU
		{E1EA1D3F-CBA6-46EB-AADA-F1843AE1D5A9}.ExportRelease|Any CPU.ActiveCfg = Debug|Any CPU
		{E1EA1D3F-CBA6-46EB-AADA-F1843AE1D5A9}.ExportRelease|Any CPU.Build.0 = Debug|Any CPU
		{E1EA1D3F-CBA6-46EB-AADA-F1843AE1D5A9}.ExportRelease|x64.ActiveCfg = Debug|Any CPU
		{E1EA1D3F-CBA6-46EB-AADA-F1843AE1D5A9}.ExportRelease|x64.Build.0 = Debug|Any CPU
		{E1EA1D3F-CBA6-46EB-AADA-F1843AE1D5A9}.ExportRelease|x86.ActiveCfg = Debug|Any CPU
		{E1EA1D3F-CBA6-46EB-AADA-F1843AE1D5A9}.ExportRelease|x86.Build.0 = Debug|Any CPU
		{E1EA1D3F-CBA6-46EB-AADA-F1843AE1D5A9}.Release|Any CPU.ActiveCfg = Release|Any CPU
		{E1EA1D3F-CBA6-46EB-AADA-F1843AE1D5A9}.Release|Any CPU.Build.0 = Release|Any CPU
		{E1EA1D3F-CBA6-46EB-AADA-F1843AE1D5A9}.Release|x64.ActiveCfg = Release|Any CPU
		{E1EA1D3F-CBA6-46EB-AADA-F1843AE1D5A9}.Release|x64.Build.0 = Release|Any CPU
		{E1EA1D3F-CBA6-46EB-AADA-F1843AE1D5A9}.Release|x86.ActiveCfg = Release|Any CPU
		{E1EA1D3F-CBA6-46EB-AADA-F1843AE1D5A9}.Release|x86.Build.0 = Release|Any CPU
		{731660BF-655B-44BA-9486-841EB72D48A8}.Debug|Any CPU.ActiveCfg = Debug|Any CPU
		{731660BF-655B-44BA-9486-841EB72D48A8}.Debug|Any CPU.Build.0 = Debug|Any CPU
		{731660BF-655B-44BA-9486-841EB72D48A8}.Debug|x64.ActiveCfg = Debug|Any CPU
		{731660BF-655B-44BA-9486-841EB72D48A8}.Debug|x64.Build.0 = Debug|Any CPU
		{731660BF-655B-44BA-9486-841EB72D48A8}.Debug|x86.ActiveCfg = Debug|Any CPU
		{731660BF-655B-44BA-9486-841EB72D48A8}.Debug|x86.Build.0 = Debug|Any CPU
		{731660BF-655B-44BA-9486-841EB72D48A8}.ExportDebug|Any CPU.ActiveCfg = Debug|Any CPU
		{731660BF-655B-44BA-9486-841EB72D48A8}.ExportDebug|Any CPU.Build.0 = Debug|Any CPU
		{731660BF-655B-44BA-9486-841EB72D48A8}.ExportDebug|x64.ActiveCfg = Debug|Any CPU
		{731660BF-655B-44BA-9486-841EB72D48A8}.ExportDebug|x64.Build.0 = Debug|Any CPU
		{731660BF-655B-44BA-9486-841EB72D48A8}.ExportDebug|x86.ActiveCfg = Debug|Any CPU
		{731660BF-655B-44BA-9486-841EB72D48A8}.ExportDebug|x86.Build.0 = Debug|Any CPU
		{731660BF-655B-44BA-9486-841EB72D48A8}.ExportRelease|Any CPU.ActiveCfg = Debug|Any CPU
		{731660BF-655B-44BA-9486-841EB72D48A8}.ExportRelease|Any CPU.Build.0 = Debug|Any CPU
		{731660BF-655B-44BA-9486-841EB72D48A8}.ExportRelease|x64.ActiveCfg = Debug|Any CPU
		{731660BF-655B-44BA-9486-841EB72D48A8}.ExportRelease|x64.Build.0 = Debug|Any CPU
		{731660BF-655B-44BA-9486-841EB72D48A8}.ExportRelease|x86.ActiveCfg = Debug|Any CPU
		{731660BF-655B-44BA-9486-841EB72D48A8}.ExportRelease|x86.Build.0 = Debug|Any CPU
		{731660BF-655B-44BA-9486-841EB72D48A8}.Release|Any CPU.ActiveCfg = Release|Any CPU
		{731660BF-655B-44BA-9486-841EB72D48A8}.Release|Any CPU.Build.0 = Release|Any CPU
		{731660BF-655B-44BA-9486-841EB72D48A8}.Release|x64.ActiveCfg = Release|Any CPU
		{731660BF-655B-44BA-9486-841EB72D48A8}.Release|x64.Build.0 = Release|Any CPU
		{731660BF-655B-44BA-9486-841EB72D48A8}.Release|x86.ActiveCfg = Release|Any CPU
		{731660BF-655B-44BA-9486-841EB72D48A8}.Release|x86.Build.0 = Release|Any CPU
		{F10809D9-8F2B-4C8A-ADA4-FD6E06C4ADA0}.Debug|Any CPU.ActiveCfg = Debug|Any CPU
		{F10809D9-8F2B-4C8A-ADA4-FD6E06C4ADA0}.Debug|Any CPU.Build.0 = Debug|Any CPU
		{F10809D9-8F2B-4C8A-ADA4-FD6E06C4ADA0}.Debug|x64.ActiveCfg = Debug|Any CPU
		{F10809D9-8F2B-4C8A-ADA4-FD6E06C4ADA0}.Debug|x64.Build.0 = Debug|Any CPU
		{F10809D9-8F2B-4C8A-ADA4-FD6E06C4ADA0}.Debug|x86.ActiveCfg = Debug|Any CPU
		{F10809D9-8F2B-4C8A-ADA4-FD6E06C4ADA0}.Debug|x86.Build.0 = Debug|Any CPU
		{F10809D9-8F2B-4C8A-ADA4-FD6E06C4ADA0}.ExportDebug|Any CPU.ActiveCfg = Debug|Any CPU
		{F10809D9-8F2B-4C8A-ADA4-FD6E06C4ADA0}.ExportDebug|Any CPU.Build.0 = Debug|Any CPU
		{F10809D9-8F2B-4C8A-ADA4-FD6E06C4ADA0}.ExportDebug|x64.ActiveCfg = Debug|Any CPU
		{F10809D9-8F2B-4C8A-ADA4-FD6E06C4ADA0}.ExportDebug|x64.Build.0 = Debug|Any CPU
		{F10809D9-8F2B-4C8A-ADA4-FD6E06C4ADA0}.ExportDebug|x86.ActiveCfg = Debug|Any CPU
		{F10809D9-8F2B-4C8A-ADA4-FD6E06C4ADA0}.ExportDebug|x86.Build.0 = Debug|Any CPU
		{F10809D9-8F2B-4C8A-ADA4-FD6E06C4ADA0}.ExportRelease|Any CPU.ActiveCfg = Debug|Any CPU
		{F10809D9-8F2B-4C8A-ADA4-FD6E06C4ADA0}.ExportRelease|Any CPU.Build.0 = Debug|Any CPU
		{F10809D9-8F2B-4C8A-ADA4-FD6E06C4ADA0}.ExportRelease|x64.ActiveCfg = Debug|Any CPU
		{F10809D9-8F2B-4C8A-ADA4-FD6E06C4ADA0}.ExportRelease|x64.Build.0 = Debug|Any CPU
		{F10809D9-8F2B-4C8A-ADA4-FD6E06C4ADA0}.ExportRelease|x86.ActiveCfg = Debug|Any CPU
		{F10809D9-8F2B-4C8A-ADA4-FD6E06C4ADA0}.ExportRelease|x86.Build.0 = Debug|Any CPU
		{F10809D9-8F2B-4C8A-ADA4-FD6E06C4ADA0}.Release|Any CPU.ActiveCfg = Release|Any CPU
		{F10809D9-8F2B-4C8A-ADA4-FD6E06C4ADA0}.Release|Any CPU.Build.0 = Release|Any CPU
		{F10809D9-8F2B-4C8A-ADA4-FD6E06C4ADA0}.Release|x64.ActiveCfg = Release|Any CPU
		{F10809D9-8F2B-4C8A-ADA4-FD6E06C4ADA0}.Release|x64.Build.0 = Release|Any CPU
		{F10809D9-8F2B-4C8A-ADA4-FD6E06C4ADA0}.Release|x86.ActiveCfg = Release|Any CPU
		{F10809D9-8F2B-4C8A-ADA4-FD6E06C4ADA0}.Release|x86.Build.0 = Release|Any CPU
	EndGlobalSection
	GlobalSection(SolutionProperties) = preSolution
		HideSolutionNode = FALSE
	EndGlobalSection
EndGlobal
